
Microsoft Visual Studio Solution File, Format Version 12.00
# Visual Studio Version 16
VisualStudioVersion = 16.0.29709.97
MinimumVisualStudioVersion = 10.0.40219.1
Project("{8BC9CEB8-8B4A-11D0-8D11-00A0C91BC942}") = "BreakingTheRecord", "BreakingTheRecord\BreakingTheRecord.vcxproj", "{B2BCA8CD-E756-4AA7-A906-80DEFF96A943}"
EndProject
Project("{8BC9CEB8-8B4A-11D0-8D11-00A0C91BC942}") = "CountingValleys", "..\..\..\InterviewPreps\WarmUps\CountingValleys\CountingValleys.vcxproj", "{4DEB63AB-A5A3-4C3B-A9D1-828540BA7DCC}"
EndProject
Project("{8BC9CEB8-8B4A-11D0-8D11-00A0C91BC942}") = "JumpingOnTheClouds", "..\..\..\InterviewPreps\WarmUps\JumpingOnTheClouds\JumpingOnTheClouds.vcxproj", "{72B17869-98A8-4F97-8BF1-921A30FF124B}"
EndProject
Project("{8BC9CEB8-8B4A-11D0-8D11-00A0C91BC942}") = "RepeatedString", "..\..\..\InterviewPreps\WarmUps\RepeatedString\RepeatedString.vcxproj", "{62BC1572-D4AA-4E94-B70C-A36841B11D3B}"
EndProject
Global
	GlobalSection(SolutionConfigurationPlatforms) = preSolution
		Debug|x64 = Debug|x64
		Debug|x86 = Debug|x86
		Release|x64 = Release|x64
		Release|x86 = Release|x86
	EndGlobalSection
	GlobalSection(ProjectConfigurationPlatforms) = postSolution
		{B2BCA8CD-E756-4AA7-A906-80DEFF96A943}.Debug|x64.ActiveCfg = Debug|x64
		{B2BCA8CD-E756-4AA7-A906-80DEFF96A943}.Debug|x64.Build.0 = Debug|x64
		{B2BCA8CD-E756-4AA7-A906-80DEFF96A943}.Debug|x86.ActiveCfg = Debug|Win32
		{B2BCA8CD-E756-4AA7-A906-80DEFF96A943}.Debug|x86.Build.0 = Debug|Win32
		{B2BCA8CD-E756-4AA7-A906-80DEFF96A943}.Release|x64.ActiveCfg = Release|x64
		{B2BCA8CD-E756-4AA7-A906-80DEFF96A943}.Release|x64.Build.0 = Release|x64
		{B2BCA8CD-E756-4AA7-A906-80DEFF96A943}.Release|x86.ActiveCfg = Release|Win32
		{B2BCA8CD-E756-4AA7-A906-80DEFF96A943}.Release|x86.Build.0 = Release|Win32
		{4DEB63AB-A5A3-4C3B-A9D1-828540BA7DCC}.Debug|x64.ActiveCfg = Debug|x64
		{4DEB63AB-A5A3-4C3B-A9D1-828540BA7DCC}.Debug|x64.Build.0 = Debug|x64
		{4DEB63AB-A5A3-4C3B-A9D1-828540BA7DCC}.Debug|x86.ActiveCfg = Debug|Win32
		{4DEB63AB-A5A3-4C3B-A9D1-828540BA7DCC}.Debug|x86.Build.0 = Debug|Win32
		{4DEB63AB-A5A3-4C3B-A9D1-828540BA7DCC}.Release|x64.ActiveCfg = Release|x64
		{4DEB63AB-A5A3-4C3B-A9D1-828540BA7DCC}.Release|x64.Build.0 = Release|x64
		{4DEB63AB-A5A3-4C3B-A9D1-828540BA7DCC}.Release|x86.ActiveCfg = Release|Win32
		{4DEB63AB-A5A3-4C3B-A9D1-828540BA7DCC}.Release|x86.Build.0 = Release|Win32
		{72B17869-98A8-4F97-8BF1-921A30FF124B}.Debug|x64.ActiveCfg = Debug|x64
		{72B17869-98A8-4F97-8BF1-921A30FF124B}.Debug|x64.Build.0 = Debug|x64
		{72B17869-98A8-4F97-8BF1-921A30FF124B}.Debug|x86.ActiveCfg = Debug|Win32
		{72B17869-98A8-4F97-8BF1-921A30FF124B}.Debug|x86.Build.0 = Debug|Win32
		{72B17869-98A8-4F97-8BF1-921A30FF124B}.Release|x64.ActiveCfg = Release|x64
		{72B17869-98A8-4F97-8BF1-921A30FF124B}.Release|x64.Build.0 = Release|x64
		{72B17869-98A8-4F97-8BF1-921A30FF124B}.Release|x86.ActiveCfg = Release|Win32
		{72B17869-98A8-4F97-8BF1-921A30FF124B}.Release|x86.Build.0 = Release|Win32
		{62BC1572-D4AA-4E94-B70C-A36841B11D3B}.Debug|x64.ActiveCfg = Debug|x64
		{62BC1572-D4AA-4E94-B70C-A36841B11D3B}.Debug|x64.Build.0 = Debug|x64
		{62BC1572-D4AA-4E94-B70C-A36841B11D3B}.Debug|x86.ActiveCfg = Debug|Win32
		{62BC1572-D4AA-4E94-B70C-A36841B11D3B}.Debug|x86.Build.0 = Debug|Win32
		{62BC1572-D4AA-4E94-B70C-A36841B11D3B}.Release|x64.ActiveCfg = Release|x64
		{62BC1572-D4AA-4E94-B70C-A36841B11D3B}.Release|x64.Build.0 = Release|x64
		{62BC1572-D4AA-4E94-B70C-A36841B11D3B}.Release|x86.ActiveCfg = Release|Win32
		{62BC1572-D4AA-4E94-B70C-A36841B11D3B}.Release|x86.Build.0 = Release|Win32
	EndGlobalSection
	GlobalSection(SolutionProperties) = preSolution
		HideSolutionNode = FALSE
	EndGlobalSection
	GlobalSection(ExtensibilityGlobals) = postSolution
		SolutionGuid = {876BEDCE-6291-473C-A77B-7C4A90DF9B42}
	EndGlobalSection
EndGlobal
